
Microsoft Visual Studio Solution File, Format Version 12.00
# Visual Studio Version 16
VisualStudioVersion = 16.0.30907.101
MinimumVisualStudioVersion = 10.0.40219.1
Project("{FAE04EC0-301F-11D3-BF4B-00C04F79EFBC}") = "Update_Soft_Client", "Update_Soft\Update_Soft_Client.csproj", "{53AC9817-73E4-488B-B75D-FF858FFA7A9F}"
EndProject
Project("{FAE04EC0-301F-11D3-BF4B-00C04F79EFBC}") = "SWORLD版本管理助手", "SWORLD版本管理助手\SWORLD版本管理助手.csproj", "{36243235-42E3-4A7E-B1EE-26F1DFC2CD94}"
EndProject
Project("{FAE04EC0-301F-11D3-BF4B-00C04F79EFBC}") = "SWORLD开发助手", "SWORLD开发助手\SWORLD开发助手.csproj", "{BD905283-48B3-404C-9D26-E2017E575A8F}"
EndProject
Global
	GlobalSection(SolutionConfigurationPlatforms) = preSolution
		Debug|Any CPU = Debug|Any CPU
		Release|Any CPU = Release|Any CPU
	EndGlobalSection
	GlobalSection(ProjectConfigurationPlatforms) = postSolution
		{53AC9817-73E4-488B-B75D-FF858FFA7A9F}.Debug|Any CPU.ActiveCfg = Debug|Any CPU
		{53AC9817-73E4-488B-B75D-FF858FFA7A9F}.Debug|Any CPU.Build.0 = Debug|Any CPU
		{53AC9817-73E4-488B-B75D-FF858FFA7A9F}.Release|Any CPU.ActiveCfg = Release|Any CPU
		{53AC9817-73E4-488B-B75D-FF858FFA7A9F}.Release|Any CPU.Build.0 = Release|Any CPU
		{36243235-42E3-4A7E-B1EE-26F1DFC2CD94}.Debug|Any CPU.ActiveCfg = Debug|Any CPU
		{36243235-42E3-4A7E-B1EE-26F1DFC2CD94}.Debug|Any CPU.Build.0 = Debug|Any CPU
		{36243235-42E3-4A7E-B1EE-26F1DFC2CD94}.Release|Any CPU.ActiveCfg = Release|Any CPU
		{36243235-42E3-4A7E-B1EE-26F1DFC2CD94}.Release|Any CPU.Build.0 = Release|Any CPU
		{BD905283-48B3-404C-9D26-E2017E575A8F}.Debug|Any CPU.ActiveCfg = Debug|Any CPU
		{BD905283-48B3-404C-9D26-E2017E575A8F}.Debug|Any CPU.Build.0 = Debug|Any CPU
		{BD905283-48B3-404C-9D26-E2017E575A8F}.Release|Any CPU.ActiveCfg = Release|Any CPU
		{BD905283-48B3-404C-9D26-E2017E575A8F}.Release|Any CPU.Build.0 = Release|Any CPU
	EndGlobalSection
	GlobalSection(SolutionProperties) = preSolution
		HideSolutionNode = FALSE
	EndGlobalSection
	GlobalSection(ExtensibilityGlobals) = postSolution
		SolutionGuid = {DB887659-EB03-4AF6-AB30-7BE2FAB11F90}
	EndGlobalSection
EndGlobal
